PODS:
  - PureJsonSerializer (1.0.2)
  - Realm (0.98.5):
    - Realm/Headers (= 0.98.5)
  - Realm/Headers (0.98.5)
  - RealmSwift (0.98.5):
    - Realm (= 0.98.5)

DEPENDENCIES:
  - PureJsonSerializer
  - RealmSwift

SPEC CHECKSUMS:
  PureJsonSerializer: 81d6bc0e21ed4b837193279aa3d29981f75f9057
  Realm: db08379969e45cea2edd1c3c0a090fe9e22d2d2f
  RealmSwift: cb11ad1c35e15dc982f2dbf5afe2a3124193a358

COCOAPODS: 0.39.0
