// !$*UTF8*$!
{
   archiveVersion = "1";
   objectVersion = "46";
   objects = {
      OBJ_1 = {
         isa = "PBXProject";
         attributes = {
            LastUpgradeCheck = "9999";
         };
         buildConfigurationList = OBJ_2;
         compatibilityVersion = "Xcode 3.2";
         developmentRegion = "English";
         hasScannedForEncodings = "0";
         knownRegions = (
            "en",
         );
         mainGroup = OBJ_5;
         productRefGroup = OBJ_70;
         projectDirPath = ".";
         targets = (
            OBJ_79,
            OBJ_87,
            OBJ_95,
            OBJ_127,
            OBJ_144,
            OBJ_162,
            OBJ_179,
            OBJ_197,
         );
      };
      OBJ_10 = {
         isa = "PBXFileReference";
         path = "PathIndexable.swift";
         sourceTree = "<group>";
      };
      OBJ_100 = {
         isa = "PBXBuildFile";
         fileRef = OBJ_15;
      };
      OBJ_101 = {
         isa = "PBXBuildFile";
         fileRef = OBJ_17;
      };
      OBJ_102 = {
         isa = "PBXBuildFile";
         fileRef = OBJ_18;
      };
      OBJ_103 = {
         isa = "PBXBuildFile";
         fileRef = OBJ_19;
      };
      OBJ_104 = {
         isa = "PBXBuildFile";
         fileRef = OBJ_20;
      };
      OBJ_105 = {
         isa = "PBXBuildFile";
         fileRef = OBJ_21;
      };
      OBJ_106 = {
         isa = "PBXBuildFile";
         fileRef = OBJ_22;
      };
      OBJ_107 = {
         isa = "PBXBuildFile";
         fileRef = OBJ_23;
      };
      OBJ_108 = {
         isa = "PBXBuildFile";
         fileRef = OBJ_24;
      };
      OBJ_109 = {
         isa = "PBXBuildFile";
         fileRef = OBJ_25;
      };
      OBJ_11 = {
         isa = "PBXGroup";
         children = (
            OBJ_12,
            OBJ_13,
         );
         name = "Polymorphic";
         path = "Packages/Polymorphic-1.0.0/Sources";
         sourceTree = "SOURCE_ROOT";
      };
      OBJ_110 = {
         isa = "PBXBuildFile";
         fileRef = OBJ_26;
      };
      OBJ_111 = {
         isa = "PBXBuildFile";
         fileRef = OBJ_28;
      };
      OBJ_112 = {
         isa = "PBXBuildFile";
         fileRef = OBJ_29;
      };
      OBJ_113 = {
         isa = "PBXBuildFile";
         fileRef = OBJ_30;
      };
      OBJ_114 = {
         isa = "PBXBuildFile";
         fileRef = OBJ_31;
      };
      OBJ_115 = {
         isa = "PBXBuildFile";
         fileRef = OBJ_32;
      };
      OBJ_116 = {
         isa = "PBXBuildFile";
         fileRef = OBJ_33;
      };
      OBJ_117 = {
         isa = "PBXBuildFile";
         fileRef = OBJ_34;
      };
      OBJ_118 = {
         isa = "PBXBuildFile";
         fileRef = OBJ_35;
      };
      OBJ_119 = {
         isa = "PBXBuildFile";
         fileRef = OBJ_37;
      };
      OBJ_12 = {
         isa = "PBXFileReference";
         path = "Polymorphic.swift";
         sourceTree = "<group>";
      };
      OBJ_120 = {
         isa = "PBXBuildFile";
         fileRef = OBJ_39;
      };
      OBJ_121 = {
         isa = "PBXBuildFile";
         fileRef = OBJ_41;
      };
      OBJ_122 = {
         isa = "PBXFrameworksBuildPhase";
         files = (
            OBJ_123,
            OBJ_124,
         );
      };
      OBJ_123 = {
         isa = "PBXBuildFile";
         fileRef = OBJ_71;
      };
      OBJ_124 = {
         isa = "PBXBuildFile";
         fileRef = OBJ_72;
      };
      OBJ_125 = {
         isa = "PBXTargetDependency";
         target = OBJ_79;
      };
      OBJ_126 = {
         isa = "PBXTargetDependency";
         target = OBJ_87;
      };
      OBJ_127 = {
         isa = "PBXNativeTarget";
         buildConfigurationList = OBJ_128;
         buildPhases = (
            OBJ_131,
            OBJ_137,
         );
         dependencies = (
            OBJ_141,
            OBJ_142,
            OBJ_143,
         );
         name = "Genome";
         productName = "Genome";
         productReference = OBJ_74;
         productType = "com.apple.product-type.framework";
      };
      OBJ_128 = {
         isa = "XCConfigurationList";
         buildConfigurations = (
            OBJ_129,
            OBJ_130,
         );
         defaultConfigurationIsVisible = "0";
         defaultConfigurationName = "Debug";
      };
      OBJ_129 = {
         isa = "XCBuildConfiguration";
         buildSettings = {
            ENABLE_TESTABILITY = "YES";
            FRAMEWORK_SEARCH_PATHS = (
               "$(PLATFORM_DIR)/Developer/Library/Frameworks",
            );
            HEADER_SEARCH_PATHS = (
            );
            INFOPLIST_FILE = "Genome.xcodeproj/Genome_Info.plist";
            LD_RUNPATH_SEARCH_PATHS = (
               "$(TOOLCHAIN_DIR)/usr/lib/swift/macosx",
            );
            OTHER_LDFLAGS = (
               "$(inherited)",
            );
            OTHER_SWIFT_FLAGS = (
               "$(inherited)",
            );
            PRODUCT_BUNDLE_IDENTIFIER = "Genome";
            PRODUCT_MODULE_NAME = "$(TARGET_NAME:c99extidentifier)";
            PRODUCT_NAME = "$(TARGET_NAME:c99extidentifier)";
            SUPPORTED_PLATFORMS = (
               "macosx",
               "iphoneos",
               "iphonesimulator",
               "appletvos",
               "appletvsimulator",
               "watchos",
               "watchsimulator",
            );
            SWIFT_ACTIVE_COMPILATION_CONDITIONS = "SWIFT_PACKAGE";
            SWIFT_VERSION = "3.0";
            TARGET_NAME = "Genome";
         };
         name = "Debug";
      };
      OBJ_13 = {
         isa = "PBXFileReference";
         path = "String+Polymorphic.swift";
         sourceTree = "<group>";
      };
      OBJ_130 = {
         isa = "XCBuildConfiguration";
         buildSettings = {
            ENABLE_TESTABILITY = "YES";
            FRAMEWORK_SEARCH_PATHS = (
               "$(PLATFORM_DIR)/Developer/Library/Frameworks",
            );
            HEADER_SEARCH_PATHS = (
            );
            INFOPLIST_FILE = "Genome.xcodeproj/Genome_Info.plist";
            LD_RUNPATH_SEARCH_PATHS = (
               "$(TOOLCHAIN_DIR)/usr/lib/swift/macosx",
            );
            OTHER_LDFLAGS = (
               "$(inherited)",
            );
            OTHER_SWIFT_FLAGS = (
               "$(inherited)",
            );
            PRODUCT_BUNDLE_IDENTIFIER = "Genome";
            PRODUCT_MODULE_NAME = "$(TARGET_NAME:c99extidentifier)";
            PRODUCT_NAME = "$(TARGET_NAME:c99extidentifier)";
            SUPPORTED_PLATFORMS = (
               "macosx",
               "iphoneos",
               "iphonesimulator",
               "appletvos",
               "appletvsimulator",
               "watchos",
               "watchsimulator",
            );
            SWIFT_ACTIVE_COMPILATION_CONDITIONS = "SWIFT_PACKAGE";
            SWIFT_VERSION = "3.0";
            TARGET_NAME = "Genome";
         };
         name = "Release";
      };
      OBJ_131 = {
         isa = "PBXSourcesBuildPhase";
         files = (
            OBJ_132,
            OBJ_133,
            OBJ_134,
            OBJ_135,
            OBJ_136,
         );
      };
      OBJ_132 = {
         isa = "PBXBuildFile";
         fileRef = OBJ_43;
      };
      OBJ_133 = {
         isa = "PBXBuildFile";
         fileRef = OBJ_45;
      };
      OBJ_134 = {
         isa = "PBXBuildFile";
         fileRef = OBJ_46;
      };
      OBJ_135 = {
         isa = "PBXBuildFile";
         fileRef = OBJ_47;
      };
      OBJ_136 = {
         isa = "PBXBuildFile";
         fileRef = OBJ_48;
      };
      OBJ_137 = {
         isa = "PBXFrameworksBuildPhase";
         files = (
            OBJ_138,
            OBJ_139,
            OBJ_140,
         );
      };
      OBJ_138 = {
         isa = "PBXBuildFile";
         fileRef = OBJ_71;
      };
      OBJ_139 = {
         isa = "PBXBuildFile";
         fileRef = OBJ_72;
      };
      OBJ_14 = {
         isa = "PBXGroup";
         children = (
            OBJ_15,
            OBJ_16,
            OBJ_27,
            OBJ_36,
            OBJ_38,
            OBJ_40,
         );
         name = "Node";
         path = "Packages/Node-1.0.1/Sources/Node";
         sourceTree = "SOURCE_ROOT";
      };
      OBJ_140 = {
         isa = "PBXBuildFile";
         fileRef = OBJ_73;
      };
      OBJ_141 = {
         isa = "PBXTargetDependency";
         target = OBJ_79;
      };
      OBJ_142 = {
         isa = "PBXTargetDependency";
         target = OBJ_87;
      };
      OBJ_143 = {
         isa = "PBXTargetDependency";
         target = OBJ_95;
      };
      OBJ_144 = {
         isa = "PBXNativeTarget";
         buildConfigurationList = OBJ_145;
         buildPhases = (
            OBJ_148,
            OBJ_151,
         );
         dependencies = (
            OBJ_157,
            OBJ_158,
            OBJ_159,
            OBJ_160,
            OBJ_161,
         );
         name = "GenomeCoreData";
         productName = "GenomeCoreData";
         productReference = OBJ_75;
         productType = "com.apple.product-type.framework";
      };
      OBJ_145 = {
         isa = "XCConfigurationList";
         buildConfigurations = (
            OBJ_146,
            OBJ_147,
         );
         defaultConfigurationIsVisible = "0";
         defaultConfigurationName = "Debug";
      };
      OBJ_146 = {
         isa = "XCBuildConfiguration";
         buildSettings = {
            ENABLE_TESTABILITY = "YES";
            FRAMEWORK_SEARCH_PATHS = (
               "$(PLATFORM_DIR)/Developer/Library/Frameworks",
            );
            HEADER_SEARCH_PATHS = (
            );
            INFOPLIST_FILE = "Genome.xcodeproj/GenomeCoreData_Info.plist";
            LD_RUNPATH_SEARCH_PATHS = (
               "$(TOOLCHAIN_DIR)/usr/lib/swift/macosx",
            );
            OTHER_LDFLAGS = (
               "$(inherited)",
            );
            OTHER_SWIFT_FLAGS = (
               "$(inherited)",
            );
            PRODUCT_BUNDLE_IDENTIFIER = "GenomeCoreData";
            PRODUCT_MODULE_NAME = "$(TARGET_NAME:c99extidentifier)";
            PRODUCT_NAME = "$(TARGET_NAME:c99extidentifier)";
            SUPPORTED_PLATFORMS = (
               "macosx",
               "iphoneos",
               "iphonesimulator",
               "appletvos",
               "appletvsimulator",
               "watchos",
               "watchsimulator",
            );
            SWIFT_ACTIVE_COMPILATION_CONDITIONS = "SWIFT_PACKAGE";
            SWIFT_VERSION = "3.0";
            TARGET_NAME = "GenomeCoreData";
         };
         name = "Debug";
      };
      OBJ_147 = {
         isa = "XCBuildConfiguration";
         buildSettings = {
            ENABLE_TESTABILITY = "YES";
            FRAMEWORK_SEARCH_PATHS = (
               "$(PLATFORM_DIR)/Developer/Library/Frameworks",
            );
            HEADER_SEARCH_PATHS = (
            );
            INFOPLIST_FILE = "Genome.xcodeproj/GenomeCoreData_Info.plist";
            LD_RUNPATH_SEARCH_PATHS = (
               "$(TOOLCHAIN_DIR)/usr/lib/swift/macosx",
            );
            OTHER_LDFLAGS = (
               "$(inherited)",
            );
            OTHER_SWIFT_FLAGS = (
               "$(inherited)",
            );
            PRODUCT_BUNDLE_IDENTIFIER = "GenomeCoreData";
            PRODUCT_MODULE_NAME = "$(TARGET_NAME:c99extidentifier)";
            PRODUCT_NAME = "$(TARGET_NAME:c99extidentifier)";
            SUPPORTED_PLATFORMS = (
               "macosx",
               "iphoneos",
               "iphonesimulator",
               "appletvos",
               "appletvsimulator",
               "watchos",
               "watchsimulator",
            );
            SWIFT_ACTIVE_COMPILATION_CONDITIONS = "SWIFT_PACKAGE";
            SWIFT_VERSION = "3.0";
            TARGET_NAME = "GenomeCoreData";
         };
         name = "Release";
      };
      OBJ_148 = {
         isa = "PBXSourcesBuildPhase";
         files = (
            OBJ_149,
            OBJ_150,
         );
      };
      OBJ_149 = {
         isa = "PBXBuildFile";
         fileRef = OBJ_50;
      };
      OBJ_15 = {
         isa = "PBXFileReference";
         path = "NodeBacked.swift";
         sourceTree = "<group>";
      };
      OBJ_150 = {
         isa = "PBXBuildFile";
         fileRef = OBJ_51;
      };
      OBJ_151 = {
         isa = "PBXFrameworksBuildPhase";
         files = (
            OBJ_152,
            OBJ_153,
            OBJ_154,
            OBJ_155,
            OBJ_156,
         );
      };
      OBJ_152 = {
         isa = "PBXBuildFile";
         fileRef = OBJ_71;
      };
      OBJ_153 = {
         isa = "PBXBuildFile";
         fileRef = OBJ_72;
      };
      OBJ_154 = {
         isa = "PBXBuildFile";
         fileRef = OBJ_73;
      };
      OBJ_155 = {
         isa = "PBXBuildFile";
         fileRef = OBJ_74;
      };
      OBJ_156 = {
         isa = "PBXBuildFile";
         fileRef = OBJ_76;
      };
      OBJ_157 = {
         isa = "PBXTargetDependency";
         target = OBJ_79;
      };
      OBJ_158 = {
         isa = "PBXTargetDependency";
         target = OBJ_87;
      };
      OBJ_159 = {
         isa = "PBXTargetDependency";
         target = OBJ_95;
      };
      OBJ_16 = {
         isa = "PBXGroup";
         children = (
            OBJ_17,
            OBJ_18,
            OBJ_19,
            OBJ_20,
            OBJ_21,
            OBJ_22,
            OBJ_23,
            OBJ_24,
            OBJ_25,
            OBJ_26,
         );
         path = "Convertible";
         sourceTree = "<group>";
      };
      OBJ_160 = {
         isa = "PBXTargetDependency";
         target = OBJ_127;
      };
      OBJ_161 = {
         isa = "PBXTargetDependency";
         target = OBJ_162;
      };
      OBJ_162 = {
         isa = "PBXNativeTarget";
         buildConfigurationList = OBJ_163;
         buildPhases = (
            OBJ_166,
            OBJ_170,
         );
         dependencies = (
            OBJ_175,
            OBJ_176,
            OBJ_177,
            OBJ_178,
         );
         name = "GenomeFoundation";
         productName = "GenomeFoundation";
         productReference = OBJ_76;
         productType = "com.apple.product-type.framework";
      };
      OBJ_163 = {
         isa = "XCConfigurationList";
         buildConfigurations = (
            OBJ_164,
            OBJ_165,
         );
         defaultConfigurationIsVisible = "0";
         defaultConfigurationName = "Debug";
      };
      OBJ_164 = {
         isa = "XCBuildConfiguration";
         buildSettings = {
            ENABLE_TESTABILITY = "YES";
            FRAMEWORK_SEARCH_PATHS = (
               "$(PLATFORM_DIR)/Developer/Library/Frameworks",
            );
            HEADER_SEARCH_PATHS = (
            );
            INFOPLIST_FILE = "Genome.xcodeproj/GenomeFoundation_Info.plist";
            LD_RUNPATH_SEARCH_PATHS = (
               "$(TOOLCHAIN_DIR)/usr/lib/swift/macosx",
            );
            OTHER_LDFLAGS = (
               "$(inherited)",
            );
            OTHER_SWIFT_FLAGS = (
               "$(inherited)",
            );
            PRODUCT_BUNDLE_IDENTIFIER = "GenomeFoundation";
            PRODUCT_MODULE_NAME = "$(TARGET_NAME:c99extidentifier)";
            PRODUCT_NAME = "$(TARGET_NAME:c99extidentifier)";
            SUPPORTED_PLATFORMS = (
               "macosx",
               "iphoneos",
               "iphonesimulator",
               "appletvos",
               "appletvsimulator",
               "watchos",
               "watchsimulator",
            );
            SWIFT_ACTIVE_COMPILATION_CONDITIONS = "SWIFT_PACKAGE";
            SWIFT_VERSION = "3.0";
            TARGET_NAME = "GenomeFoundation";
         };
         name = "Debug";
      };
      OBJ_165 = {
         isa = "XCBuildConfiguration";
         buildSettings = {
            ENABLE_TESTABILITY = "YES";
            FRAMEWORK_SEARCH_PATHS = (
               "$(PLATFORM_DIR)/Developer/Library/Frameworks",
            );
            HEADER_SEARCH_PATHS = (
            );
            INFOPLIST_FILE = "Genome.xcodeproj/GenomeFoundation_Info.plist";
            LD_RUNPATH_SEARCH_PATHS = (
               "$(TOOLCHAIN_DIR)/usr/lib/swift/macosx",
            );
            OTHER_LDFLAGS = (
               "$(inherited)",
            );
            OTHER_SWIFT_FLAGS = (
               "$(inherited)",
            );
            PRODUCT_BUNDLE_IDENTIFIER = "GenomeFoundation";
            PRODUCT_MODULE_NAME = "$(TARGET_NAME:c99extidentifier)";
            PRODUCT_NAME = "$(TARGET_NAME:c99extidentifier)";
            SUPPORTED_PLATFORMS = (
               "macosx",
               "iphoneos",
               "iphonesimulator",
               "appletvos",
               "appletvsimulator",
               "watchos",
               "watchsimulator",
            );
            SWIFT_ACTIVE_COMPILATION_CONDITIONS = "SWIFT_PACKAGE";
            SWIFT_VERSION = "3.0";
            TARGET_NAME = "GenomeFoundation";
         };
         name = "Release";
      };
      OBJ_166 = {
         isa = "PBXSourcesBuildPhase";
         files = (
            OBJ_167,
            OBJ_168,
            OBJ_169,
         );
      };
      OBJ_167 = {
         isa = "PBXBuildFile";
         fileRef = OBJ_53;
      };
      OBJ_168 = {
         isa = "PBXBuildFile";
         fileRef = OBJ_54;
      };
      OBJ_169 = {
         isa = "PBXBuildFile";
         fileRef = OBJ_55;
      };
      OBJ_17 = {
         isa = "PBXFileReference";
         path = "Bool+Convertible.swift";
         sourceTree = "<group>";
      };
      OBJ_170 = {
         isa = "PBXFrameworksBuildPhase";
         files = (
            OBJ_171,
            OBJ_172,
            OBJ_173,
            OBJ_174,
         );
      };
      OBJ_171 = {
         isa = "PBXBuildFile";
         fileRef = OBJ_71;
      };
      OBJ_172 = {
         isa = "PBXBuildFile";
         fileRef = OBJ_72;
      };
      OBJ_173 = {
         isa = "PBXBuildFile";
         fileRef = OBJ_73;
      };
      OBJ_174 = {
         isa = "PBXBuildFile";
         fileRef = OBJ_74;
      };
      OBJ_175 = {
         isa = "PBXTargetDependency";
         target = OBJ_79;
      };
      OBJ_176 = {
         isa = "PBXTargetDependency";
         target = OBJ_87;
      };
      OBJ_177 = {
         isa = "PBXTargetDependency";
         target = OBJ_95;
      };
      OBJ_178 = {
         isa = "PBXTargetDependency";
         target = OBJ_127;
      };
      OBJ_179 = {
         isa = "PBXNativeTarget";
         buildConfigurationList = OBJ_180;
         buildPhases = (
            OBJ_183,
            OBJ_186,
         );
         dependencies = (
            OBJ_192,
            OBJ_193,
            OBJ_194,
            OBJ_195,
            OBJ_196,
         );
         name = "GenomeFoundationTests";
         productName = "GenomeFoundationTests";
         productReference = OBJ_77;
         productType = "com.apple.product-type.bundle.unit-test";
      };
      OBJ_18 = {
         isa = "PBXFileReference";
         path = "Context.swift";
         sourceTree = "<group>";
      };
      OBJ_180 = {
         isa = "XCConfigurationList";
         buildConfigurations = (
            OBJ_181,
            OBJ_182,
         );
         defaultConfigurationIsVisible = "0";
         defaultConfigurationName = "Debug";
      };
      OBJ_181 = {
         isa = "XCBuildConfiguration";
         buildSettings = {
            EMBEDDED_CONTENT_CONTAINS_SWIFT = "YES";
            FRAMEWORK_SEARCH_PATHS = (
               "$(PLATFORM_DIR)/Developer/Library/Frameworks",
            );
            HEADER_SEARCH_PATHS = (
            );
            INFOPLIST_FILE = "Genome.xcodeproj/GenomeFoundationTests_Info.plist";
            LD_RUNPATH_SEARCH_PATHS = (
               "@loader_path/../Frameworks",
            );
            OTHER_LDFLAGS = (
               "$(inherited)",
            );
            OTHER_SWIFT_FLAGS = (
               "$(inherited)",
            );
            SUPPORTED_PLATFORMS = (
               "macosx",
               "iphoneos",
               "iphonesimulator",
               "appletvos",
               "appletvsimulator",
               "watchos",
               "watchsimulator",
            );
            SWIFT_ACTIVE_COMPILATION_CONDITIONS = "SWIFT_PACKAGE";
            SWIFT_VERSION = "3.0";
            TARGET_NAME = "GenomeFoundationTests";
         };
         name = "Debug";
      };
      OBJ_182 = {
         isa = "XCBuildConfiguration";
         buildSettings = {
            EMBEDDED_CONTENT_CONTAINS_SWIFT = "YES";
            FRAMEWORK_SEARCH_PATHS = (
               "$(PLATFORM_DIR)/Developer/Library/Frameworks",
            );
            HEADER_SEARCH_PATHS = (
            );
            INFOPLIST_FILE = "Genome.xcodeproj/GenomeFoundationTests_Info.plist";
            LD_RUNPATH_SEARCH_PATHS = (
               "@loader_path/../Frameworks",
            );
            OTHER_LDFLAGS = (
               "$(inherited)",
            );
            OTHER_SWIFT_FLAGS = (
               "$(inherited)",
            );
            SUPPORTED_PLATFORMS = (
               "macosx",
               "iphoneos",
               "iphonesimulator",
               "appletvos",
               "appletvsimulator",
               "watchos",
               "watchsimulator",
            );
            SWIFT_ACTIVE_COMPILATION_CONDITIONS = "SWIFT_PACKAGE";
            SWIFT_VERSION = "3.0";
            TARGET_NAME = "GenomeFoundationTests";
         };
         name = "Release";
      };
      OBJ_183 = {
         isa = "PBXSourcesBuildPhase";
         files = (
            OBJ_184,
            OBJ_185,
         );
      };
      OBJ_184 = {
         isa = "PBXBuildFile";
         fileRef = OBJ_58;
      };
      OBJ_185 = {
         isa = "PBXBuildFile";
         fileRef = OBJ_59;
      };
      OBJ_186 = {
         isa = "PBXFrameworksBuildPhase";
         files = (
            OBJ_187,
            OBJ_188,
            OBJ_189,
            OBJ_190,
            OBJ_191,
         );
      };
      OBJ_187 = {
         isa = "PBXBuildFile";
         fileRef = OBJ_71;
      };
      OBJ_188 = {
         isa = "PBXBuildFile";
         fileRef = OBJ_72;
      };
      OBJ_189 = {
         isa = "PBXBuildFile";
         fileRef = OBJ_73;
      };
      OBJ_19 = {
         isa = "PBXFileReference";
         path = "Convertible+Init.swift";
         sourceTree = "<group>";
      };
      OBJ_190 = {
         isa = "PBXBuildFile";
         fileRef = OBJ_74;
      };
      OBJ_191 = {
         isa = "PBXBuildFile";
         fileRef = OBJ_76;
      };
      OBJ_192 = {
         isa = "PBXTargetDependency";
         target = OBJ_79;
      };
      OBJ_193 = {
         isa = "PBXTargetDependency";
         target = OBJ_87;
      };
      OBJ_194 = {
         isa = "PBXTargetDependency";
         target = OBJ_95;
      };
      OBJ_195 = {
         isa = "PBXTargetDependency";
         target = OBJ_127;
      };
      OBJ_196 = {
         isa = "PBXTargetDependency";
         target = OBJ_162;
      };
      OBJ_197 = {
         isa = "PBXNativeTarget";
         buildConfigurationList = OBJ_198;
         buildPhases = (
            OBJ_201,
            OBJ_210,
         );
         dependencies = (
            OBJ_215,
            OBJ_216,
            OBJ_217,
            OBJ_218,
         );
         name = "GenomeTests";
         productName = "GenomeTests";
         productReference = OBJ_78;
         productType = "com.apple.product-type.bundle.unit-test";
      };
      OBJ_198 = {
         isa = "XCConfigurationList";
         buildConfigurations = (
            OBJ_199,
            OBJ_200,
         );
         defaultConfigurationIsVisible = "0";
         defaultConfigurationName = "Debug";
      };
      OBJ_199 = {
         isa = "XCBuildConfiguration";
         buildSettings = {
            EMBEDDED_CONTENT_CONTAINS_SWIFT = "YES";
            FRAMEWORK_SEARCH_PATHS = (
               "$(PLATFORM_DIR)/Developer/Library/Frameworks",
            );
            HEADER_SEARCH_PATHS = (
            );
            INFOPLIST_FILE = "Genome.xcodeproj/GenomeTests_Info.plist";
            LD_RUNPATH_SEARCH_PATHS = (
               "@loader_path/../Frameworks",
            );
            OTHER_LDFLAGS = (
               "$(inherited)",
            );
            OTHER_SWIFT_FLAGS = (
               "$(inherited)",
            );
            SUPPORTED_PLATFORMS = (
               "macosx",
               "iphoneos",
               "iphonesimulator",
               "appletvos",
               "appletvsimulator",
               "watchos",
               "watchsimulator",
            );
            SWIFT_ACTIVE_COMPILATION_CONDITIONS = "SWIFT_PACKAGE";
            SWIFT_VERSION = "3.0";
            TARGET_NAME = "GenomeTests";
         };
         name = "Debug";
      };
      OBJ_2 = {
         isa = "XCConfigurationList";
         buildConfigurations = (
            OBJ_3,
            OBJ_4,
         );
         defaultConfigurationIsVisible = "0";
         defaultConfigurationName = "Debug";
      };
      OBJ_20 = {
         isa = "PBXFileReference";
         path = "Convertible.swift";
         sourceTree = "<group>";
      };
      OBJ_200 = {
         isa = "XCBuildConfiguration";
         buildSettings = {
            EMBEDDED_CONTENT_CONTAINS_SWIFT = "YES";
            FRAMEWORK_SEARCH_PATHS = (
               "$(PLATFORM_DIR)/Developer/Library/Frameworks",
            );
            HEADER_SEARCH_PATHS = (
            );
            INFOPLIST_FILE = "Genome.xcodeproj/GenomeTests_Info.plist";
            LD_RUNPATH_SEARCH_PATHS = (
               "@loader_path/../Frameworks",
            );
            OTHER_LDFLAGS = (
               "$(inherited)",
            );
            OTHER_SWIFT_FLAGS = (
               "$(inherited)",
            );
            SUPPORTED_PLATFORMS = (
               "macosx",
               "iphoneos",
               "iphonesimulator",
               "appletvos",
               "appletvsimulator",
               "watchos",
               "watchsimulator",
            );
            SWIFT_ACTIVE_COMPILATION_CONDITIONS = "SWIFT_PACKAGE";
            SWIFT_VERSION = "3.0";
            TARGET_NAME = "GenomeTests";
         };
         name = "Release";
      };
      OBJ_201 = {
         isa = "PBXSourcesBuildPhase";
         files = (
            OBJ_202,
            OBJ_203,
            OBJ_204,
            OBJ_205,
            OBJ_206,
            OBJ_207,
            OBJ_208,
            OBJ_209,
         );
      };
      OBJ_202 = {
         isa = "PBXBuildFile";
         fileRef = OBJ_61;
      };
      OBJ_203 = {
         isa = "PBXBuildFile";
         fileRef = OBJ_62;
      };
      OBJ_204 = {
         isa = "PBXBuildFile";
         fileRef = OBJ_63;
      };
      OBJ_205 = {
         isa = "PBXBuildFile";
         fileRef = OBJ_64;
      };
      OBJ_206 = {
         isa = "PBXBuildFile";
         fileRef = OBJ_65;
      };
      OBJ_207 = {
         isa = "PBXBuildFile";
         fileRef = OBJ_66;
      };
      OBJ_208 = {
         isa = "PBXBuildFile";
         fileRef = OBJ_67;
      };
      OBJ_209 = {
         isa = "PBXBuildFile";
         fileRef = OBJ_68;
      };
      OBJ_21 = {
         isa = "PBXFileReference";
         path = "FloatingPoint+Convertible.swift";
         sourceTree = "<group>";
      };
      OBJ_210 = {
         isa = "PBXFrameworksBuildPhase";
         files = (
            OBJ_211,
            OBJ_212,
            OBJ_213,
            OBJ_214,
         );
      };
      OBJ_211 = {
         isa = "PBXBuildFile";
         fileRef = OBJ_71;
      };
      OBJ_212 = {
         isa = "PBXBuildFile";
         fileRef = OBJ_72;
      };
      OBJ_213 = {
         isa = "PBXBuildFile";
         fileRef = OBJ_73;
      };
      OBJ_214 = {
         isa = "PBXBuildFile";
         fileRef = OBJ_74;
      };
      OBJ_215 = {
         isa = "PBXTargetDependency";
         target = OBJ_79;
      };
      OBJ_216 = {
         isa = "PBXTargetDependency";
         target = OBJ_87;
      };
      OBJ_217 = {
         isa = "PBXTargetDependency";
         target = OBJ_95;
      };
      OBJ_218 = {
         isa = "PBXTargetDependency";
         target = OBJ_127;
      };
      OBJ_22 = {
         isa = "PBXFileReference";
         path = "Integer+Convertible.swift";
         sourceTree = "<group>";
      };
      OBJ_23 = {
         isa = "PBXFileReference";
         path = "Node+Convertible.swift";
         sourceTree = "<group>";
      };
      OBJ_24 = {
         isa = "PBXFileReference";
         path = "Sequence+Convertible.swift";
         sourceTree = "<group>";
      };
      OBJ_25 = {
         isa = "PBXFileReference";
         path = "String+Convertible.swift";
         sourceTree = "<group>";
      };
      OBJ_26 = {
         isa = "PBXFileReference";
         path = "UnsignedInteger+Convertible.swift";
         sourceTree = "<group>";
      };
      OBJ_27 = {
         isa = "PBXGroup";
         children = (
            OBJ_28,
            OBJ_29,
            OBJ_30,
            OBJ_31,
            OBJ_32,
            OBJ_33,
            OBJ_34,
            OBJ_35,
         );
         path = "Core";
         sourceTree = "<group>";
      };
      OBJ_28 = {
         isa = "PBXFileReference";
         path = "Node+Accessors.swift";
         sourceTree = "<group>";
      };
      OBJ_29 = {
         isa = "PBXFileReference";
         path = "Node+Equatable.swift";
         sourceTree = "<group>";
      };
      OBJ_3 = {
         isa = "XCBuildConfiguration";
         buildSettings = {
            COMBINE_HIDPI_IMAGES = "YES";
            COPY_PHASE_STRIP = "NO";
            DEBUG_INFORMATION_FORMAT = "dwarf";
            DYLIB_INSTALL_NAME_BASE = "@rpath";
            ENABLE_NS_ASSERTIONS = "YES";
            GCC_OPTIMIZATION_LEVEL = "0";
            IPHONEOS_DEPLOYMENT_TARGET = 8.0;
            MACOSX_DEPLOYMENT_TARGET = 10.9;
            TVOS_DEPLOYMENT_TARGET = 9.0;
            WATCHOS_DEPLOYMENT_TARGET = 2.0;
            ONLY_ACTIVE_ARCH = "YES";
            OTHER_SWIFT_FLAGS = (
               "-DXcode",
            );
            PRODUCT_NAME = "$(TARGET_NAME)";
            SUPPORTED_PLATFORMS = (
               "macosx",
               "iphoneos",
               "iphonesimulator",
               "appletvos",
               "appletvsimulator",
               "watchos",
               "watchsimulator",
            );
            SWIFT_OPTIMIZATION_LEVEL = "-Onone";
            USE_HEADERMAP = "NO";
         };
         name = "Debug";
      };
      OBJ_30 = {
         isa = "PBXFileReference";
         path = "Node+Exports.swift";
         sourceTree = "<group>";
      };
      OBJ_31 = {
         isa = "PBXFileReference";
         path = "Node+Init.swift";
         sourceTree = "<group>";
      };
      OBJ_32 = {
         isa = "PBXFileReference";
         path = "Node+Literals.swift";
         sourceTree = "<group>";
      };
      OBJ_33 = {
         isa = "PBXFileReference";
         path = "Node+PathIndexable.swift";
         sourceTree = "<group>";
      };
      OBJ_34 = {
         isa = "PBXFileReference";
         path = "Node+Polymorphic.swift";
         sourceTree = "<group>";
      };
      OBJ_35 = {
         isa = "PBXFileReference";
         path = "Node.swift";
         sourceTree = "<group>";
      };
      OBJ_36 = {
         isa = "PBXGroup";
         children = (
            OBJ_37,
         );
         path = "Extract";
         sourceTree = "<group>";
      };
      OBJ_37 = {
         isa = "PBXFileReference";
         path = "Node+Extract.swift";
         sourceTree = "<group>";
      };
      OBJ_38 = {
         isa = "PBXGroup";
         children = (
            OBJ_39,
         );
         path = "Number";
         sourceTree = "<group>";
      };
      OBJ_39 = {
         isa = "PBXFileReference";
         path = "Number.swift";
         sourceTree = "<group>";
      };
      OBJ_4 = {
         isa = "XCBuildConfiguration";
         buildSettings = {
            COMBINE_HIDPI_IMAGES = "YES";
            COPY_PHASE_STRIP = "YES";
            DEBUG_INFORMATION_FORMAT = "dwarf-with-dsym";
            DYLIB_INSTALL_NAME_BASE = "@rpath";
            GCC_OPTIMIZATION_LEVEL = "s";
            IPHONEOS_DEPLOYMENT_TARGET = 8.0;
            MACOSX_DEPLOYMENT_TARGET = 10.9;
            TVOS_DEPLOYMENT_TARGET = 9.0;
            WATCHOS_DEPLOYMENT_TARGET = 2.0;
            OTHER_SWIFT_FLAGS = (
               "-DXcode",
            );
            PRODUCT_NAME = "$(TARGET_NAME)";
            SUPPORTED_PLATFORMS = (
               "macosx",
               "iphoneos",
               "iphonesimulator",
               "appletvos",
               "appletvsimulator",
               "watchos",
               "watchsimulator",
            );
            SWIFT_OPTIMIZATION_LEVEL = "-O";
            USE_HEADERMAP = "NO";
         };
         name = "Release";
      };
      OBJ_40 = {
         isa = "PBXGroup";
         children = (
            OBJ_41,
         );
         path = "Utilities";
         sourceTree = "<group>";
      };
      OBJ_41 = {
         isa = "PBXFileReference";
         path = "Errors.swift";
         sourceTree = "<group>";
      };
      OBJ_42 = {
         isa = "PBXGroup";
         children = (
            OBJ_43,
            OBJ_44,
         );
         name = "Genome";
         path = "Sources/Genome";
         sourceTree = "SOURCE_ROOT";
      };
      OBJ_43 = {
         isa = "PBXFileReference";
         path = "Genome+Exports.swift";
         sourceTree = "<group>";
      };
      OBJ_44 = {
         isa = "PBXGroup";
         children = (
            OBJ_45,
            OBJ_46,
            OBJ_47,
            OBJ_48,
         );
         path = "Mapping";
         sourceTree = "<group>";
      };
      OBJ_45 = {
         isa = "PBXFileReference";
         path = "Map.swift";
         sourceTree = "<group>";
      };
      OBJ_46 = {
         isa = "PBXFileReference";
         path = "MappableObject.swift";
         sourceTree = "<group>";
      };
      OBJ_47 = {
         isa = "PBXFileReference";
         path = "StandardOperators.swift";
         sourceTree = "<group>";
      };
      OBJ_48 = {
         isa = "PBXFileReference";
         path = "Transformers.swift";
         sourceTree = "<group>";
      };
      OBJ_49 = {
         isa = "PBXGroup";
         children = (
            OBJ_50,
            OBJ_51,
         );
         name = "GenomeCoreData";
         path = "Sources/GenomeCoreData";
         sourceTree = "SOURCE_ROOT";
      };
      OBJ_5 = {
         isa = "PBXGroup";
         children = (
            OBJ_6,
            OBJ_7,
            OBJ_56,
            OBJ_69,
            OBJ_70,
         );
         path = "";
         sourceTree = "<group>";
      };
      OBJ_50 = {
         isa = "PBXFileReference";
         path = "CoreData.swift";
         sourceTree = "<group>";
      };
      OBJ_51 = {
         isa = "PBXFileReference";
         path = "GenomeCoreData+Exports.swift";
         sourceTree = "<group>";
      };
      OBJ_52 = {
         isa = "PBXGroup";
         children = (
            OBJ_53,
            OBJ_54,
            OBJ_55,
         );
         name = "GenomeFoundation";
         path = "Sources/GenomeFoundation";
         sourceTree = "SOURCE_ROOT";
      };
      OBJ_53 = {
         isa = "PBXFileReference";
         path = "Foundation.swift";
         sourceTree = "<group>";
      };
      OBJ_54 = {
         isa = "PBXFileReference";
         path = "GenomeFoundation+Exports.swift";
         sourceTree = "<group>";
      };
      OBJ_55 = {
         isa = "PBXFileReference";
         path = "Node+Foundation.swift";
         sourceTree = "<group>";
      };
      OBJ_56 = {
         isa = "PBXGroup";
         children = (
            OBJ_57,
            OBJ_60,
         );
         path = "Tests";
         sourceTree = "<group>";
      };
      OBJ_57 = {
         isa = "PBXGroup";
         children = (
            OBJ_58,
            OBJ_59,
         );
         name = "GenomeFoundationTests";
         path = "Tests/GenomeFoundationTests";
         sourceTree = "SOURCE_ROOT";
      };
      OBJ_58 = {
         isa = "PBXFileReference";
         path = "JSONTests.swift";
         sourceTree = "<group>";
      };
      OBJ_59 = {
         isa = "PBXFileReference";
         path = "NodeFoundationTests.swift";
         sourceTree = "<group>";
      };
      OBJ_6 = {
         isa = "PBXFileReference";
         explicitFileType = "sourcecode.swift";
         path = "Package.swift";
         sourceTree = "<group>";
      };
      OBJ_60 = {
         isa = "PBXGroup";
         children = (
            OBJ_61,
            OBJ_62,
            OBJ_63,
            OBJ_64,
            OBJ_65,
            OBJ_66,
            OBJ_67,
            OBJ_68,
         );
         name = "GenomeTests";
         path = "Tests/GenomeTests";
         sourceTree = "SOURCE_ROOT";
      };
      OBJ_61 = {
         isa = "PBXFileReference";
         path = "BasicTypes.swift";
         sourceTree = "<group>";
      };
      OBJ_62 = {
         isa = "PBXFileReference";
         path = "DictionaryKeyPathTests.swift";
         sourceTree = "<group>";
      };
      OBJ_63 = {
         isa = "PBXFileReference";
         path = "FromNodeOperatorTest.swift";
         sourceTree = "<group>";
      };
      OBJ_64 = {
         isa = "PBXFileReference";
         path = "NodeDataTypeTest.swift";
         sourceTree = "<group>";
      };
      OBJ_65 = {
         isa = "PBXFileReference";
         path = "PathIndexable.swift";
         sourceTree = "<group>";
      };
      OBJ_66 = {
         isa = "PBXFileReference";
         path = "SettableOperatorTest.swift";
         sourceTree = "<group>";
      };
      OBJ_67 = {
         isa = "PBXFileReference";
         path = "ToNodeOperatorTest.swift";
         sourceTree = "<group>";
      };
      OBJ_68 = {
         isa = "PBXFileReference";
         path = "TransformTests.swift";
         sourceTree = "<group>";
      };
      OBJ_69 = {
         isa = "PBXFileReference";
         path = "Images";
         sourceTree = "SOURCE_ROOT";
      };
      OBJ_7 = {
         isa = "PBXGroup";
         children = (
            OBJ_8,
            OBJ_11,
            OBJ_14,
            OBJ_42,
            OBJ_49,
            OBJ_52,
         );
         path = "Sources";
         sourceTree = "<group>";
      };
      OBJ_70 = {
         isa = "PBXGroup";
         children = (
            OBJ_71,
            OBJ_72,
            OBJ_73,
            OBJ_74,
            OBJ_75,
            OBJ_76,
            OBJ_77,
            OBJ_78,
         );
         name = "Products";
         path = "";
         sourceTree = "BUILT_PRODUCTS_DIR";
      };
      OBJ_71 = {
         isa = "PBXFileReference";
         path = "PathIndexable.framework";
         sourceTree = "BUILT_PRODUCTS_DIR";
      };
      OBJ_72 = {
         isa = "PBXFileReference";
         path = "Polymorphic.framework";
         sourceTree = "BUILT_PRODUCTS_DIR";
      };
      OBJ_73 = {
         isa = "PBXFileReference";
         path = "Node.framework";
         sourceTree = "BUILT_PRODUCTS_DIR";
      };
      OBJ_74 = {
         isa = "PBXFileReference";
         path = "Genome.framework";
         sourceTree = "BUILT_PRODUCTS_DIR";
      };
      OBJ_75 = {
         isa = "PBXFileReference";
         path = "GenomeCoreData.framework";
         sourceTree = "BUILT_PRODUCTS_DIR";
      };
      OBJ_76 = {
         isa = "PBXFileReference";
         path = "GenomeFoundation.framework";
         sourceTree = "BUILT_PRODUCTS_DIR";
      };
      OBJ_77 = {
         isa = "PBXFileReference";
         path = "GenomeFoundationTests.xctest";
         sourceTree = "BUILT_PRODUCTS_DIR";
      };
      OBJ_78 = {
         isa = "PBXFileReference";
         path = "GenomeTests.xctest";
         sourceTree = "BUILT_PRODUCTS_DIR";
      };
      OBJ_79 = {
         isa = "PBXNativeTarget";
         buildConfigurationList = OBJ_80;
         buildPhases = (
            OBJ_83,
            OBJ_86,
         );
         dependencies = (
         );
         name = "PathIndexable";
         productName = "PathIndexable";
         productReference = OBJ_71;
         productType = "com.apple.product-type.framework";
      };
      OBJ_8 = {
         isa = "PBXGroup";
         children = (
            OBJ_9,
            OBJ_10,
         );
         name = "PathIndexable";
         path = "Packages/PathIndexable-1.0.0/Sources/PathIndexable";
         sourceTree = "SOURCE_ROOT";
      };
      OBJ_80 = {
         isa = "XCConfigurationList";
         buildConfigurations = (
            OBJ_81,
            OBJ_82,
         );
         defaultConfigurationIsVisible = "0";
         defaultConfigurationName = "Debug";
      };
      OBJ_81 = {
         isa = "XCBuildConfiguration";
         buildSettings = {
            ENABLE_TESTABILITY = "YES";
            FRAMEWORK_SEARCH_PATHS = (
               "$(PLATFORM_DIR)/Developer/Library/Frameworks",
            );
            HEADER_SEARCH_PATHS = (
            );
            INFOPLIST_FILE = "Genome.xcodeproj/PathIndexable_Info.plist";
            LD_RUNPATH_SEARCH_PATHS = (
               "$(TOOLCHAIN_DIR)/usr/lib/swift/macosx",
            );
            OTHER_LDFLAGS = (
               "$(inherited)",
            );
            OTHER_SWIFT_FLAGS = (
               "$(inherited)",
            );
            PRODUCT_BUNDLE_IDENTIFIER = "PathIndexable";
            PRODUCT_MODULE_NAME = "$(TARGET_NAME:c99extidentifier)";
            PRODUCT_NAME = "$(TARGET_NAME:c99extidentifier)";
            SUPPORTED_PLATFORMS = (
               "macosx",
               "iphoneos",
               "iphonesimulator",
               "appletvos",
               "appletvsimulator",
               "watchos",
               "watchsimulator",
            );
            SWIFT_ACTIVE_COMPILATION_CONDITIONS = "SWIFT_PACKAGE";
            SWIFT_VERSION = "3.0";
            TARGET_NAME = "PathIndexable";
         };
         name = "Debug";
      };
      OBJ_82 = {
         isa = "XCBuildConfiguration";
         buildSettings = {
            ENABLE_TESTABILITY = "YES";
            FRAMEWORK_SEARCH_PATHS = (
               "$(PLATFORM_DIR)/Developer/Library/Frameworks",
            );
            HEADER_SEARCH_PATHS = (
            );
            INFOPLIST_FILE = "Genome.xcodeproj/PathIndexable_Info.plist";
            LD_RUNPATH_SEARCH_PATHS = (
               "$(TOOLCHAIN_DIR)/usr/lib/swift/macosx",
            );
            OTHER_LDFLAGS = (
               "$(inherited)",
            );
            OTHER_SWIFT_FLAGS = (
               "$(inherited)",
            );
            PRODUCT_BUNDLE_IDENTIFIER = "PathIndexable";
            PRODUCT_MODULE_NAME = "$(TARGET_NAME:c99extidentifier)";
            PRODUCT_NAME = "$(TARGET_NAME:c99extidentifier)";
            SUPPORTED_PLATFORMS = (
               "macosx",
               "iphoneos",
               "iphonesimulator",
               "appletvos",
               "appletvsimulator",
               "watchos",
               "watchsimulator",
            );
            SWIFT_ACTIVE_COMPILATION_CONDITIONS = "SWIFT_PACKAGE";
            SWIFT_VERSION = "3.0";
            TARGET_NAME = "PathIndexable";
         };
         name = "Release";
      };
      OBJ_83 = {
         isa = "PBXSourcesBuildPhase";
         files = (
            OBJ_84,
            OBJ_85,
         );
      };
      OBJ_84 = {
         isa = "PBXBuildFile";
         fileRef = OBJ_9;
      };
      OBJ_85 = {
         isa = "PBXBuildFile";
         fileRef = OBJ_10;
      };
      OBJ_86 = {
         isa = "PBXFrameworksBuildPhase";
         files = (
         );
      };
      OBJ_87 = {
         isa = "PBXNativeTarget";
         buildConfigurationList = OBJ_88;
         buildPhases = (
            OBJ_91,
            OBJ_94,
         );
         dependencies = (
         );
         name = "Polymorphic";
         productName = "Polymorphic";
         productReference = OBJ_72;
         productType = "com.apple.product-type.framework";
      };
      OBJ_88 = {
         isa = "XCConfigurationList";
         buildConfigurations = (
            OBJ_89,
            OBJ_90,
         );
         defaultConfigurationIsVisible = "0";
         defaultConfigurationName = "Debug";
      };
      OBJ_89 = {
         isa = "XCBuildConfiguration";
         buildSettings = {
            ENABLE_TESTABILITY = "YES";
            FRAMEWORK_SEARCH_PATHS = (
               "$(PLATFORM_DIR)/Developer/Library/Frameworks",
            );
            HEADER_SEARCH_PATHS = (
            );
            INFOPLIST_FILE = "Genome.xcodeproj/Polymorphic_Info.plist";
            LD_RUNPATH_SEARCH_PATHS = (
               "$(TOOLCHAIN_DIR)/usr/lib/swift/macosx",
            );
            OTHER_LDFLAGS = (
               "$(inherited)",
            );
            OTHER_SWIFT_FLAGS = (
               "$(inherited)",
            );
            PRODUCT_BUNDLE_IDENTIFIER = "Polymorphic";
            PRODUCT_MODULE_NAME = "$(TARGET_NAME:c99extidentifier)";
            PRODUCT_NAME = "$(TARGET_NAME:c99extidentifier)";
            SUPPORTED_PLATFORMS = (
               "macosx",
               "iphoneos",
               "iphonesimulator",
               "appletvos",
               "appletvsimulator",
               "watchos",
               "watchsimulator",
            );
            SWIFT_ACTIVE_COMPILATION_CONDITIONS = "SWIFT_PACKAGE";
            SWIFT_VERSION = "3.0";
            TARGET_NAME = "Polymorphic";
         };
         name = "Debug";
      };
      OBJ_9 = {
         isa = "PBXFileReference";
         path = "PathIndexable+Subscripting.swift";
         sourceTree = "<group>";
      };
      OBJ_90 = {
         isa = "XCBuildConfiguration";
         buildSettings = {
            ENABLE_TESTABILITY = "YES";
            FRAMEWORK_SEARCH_PATHS = (
               "$(PLATFORM_DIR)/Developer/Library/Frameworks",
            );
            HEADER_SEARCH_PATHS = (
            );
            INFOPLIST_FILE = "Genome.xcodeproj/Polymorphic_Info.plist";
            LD_RUNPATH_SEARCH_PATHS = (
               "$(TOOLCHAIN_DIR)/usr/lib/swift/macosx",
            );
            OTHER_LDFLAGS = (
               "$(inherited)",
            );
            OTHER_SWIFT_FLAGS = (
               "$(inherited)",
            );
            PRODUCT_BUNDLE_IDENTIFIER = "Polymorphic";
            PRODUCT_MODULE_NAME = "$(TARGET_NAME:c99extidentifier)";
            PRODUCT_NAME = "$(TARGET_NAME:c99extidentifier)";
            SUPPORTED_PLATFORMS = (
               "macosx",
               "iphoneos",
               "iphonesimulator",
               "appletvos",
               "appletvsimulator",
               "watchos",
               "watchsimulator",
            );
            SWIFT_ACTIVE_COMPILATION_CONDITIONS = "SWIFT_PACKAGE";
            SWIFT_VERSION = "3.0";
            TARGET_NAME = "Polymorphic";
         };
         name = "Release";
      };
      OBJ_91 = {
         isa = "PBXSourcesBuildPhase";
         files = (
            OBJ_92,
            OBJ_93,
         );
      };
      OBJ_92 = {
         isa = "PBXBuildFile";
         fileRef = OBJ_12;
      };
      OBJ_93 = {
         isa = "PBXBuildFile";
         fileRef = OBJ_13;
      };
      OBJ_94 = {
         isa = "PBXFrameworksBuildPhase";
         files = (
         );
      };
      OBJ_95 = {
         isa = "PBXNativeTarget";
         buildConfigurationList = OBJ_96;
         buildPhases = (
            OBJ_99,
            OBJ_122,
         );
         dependencies = (
            OBJ_125,
            OBJ_126,
         );
         name = "Node";
         productName = "Node";
         productReference = OBJ_73;
         productType = "com.apple.product-type.framework";
      };
      OBJ_96 = {
         isa = "XCConfigurationList";
         buildConfigurations = (
            OBJ_97,
            OBJ_98,
         );
         defaultConfigurationIsVisible = "0";
         defaultConfigurationName = "Debug";
      };
      OBJ_97 = {
         isa = "XCBuildConfiguration";
         buildSettings = {
            ENABLE_TESTABILITY = "YES";
            FRAMEWORK_SEARCH_PATHS = (
               "$(PLATFORM_DIR)/Developer/Library/Frameworks",
            );
            HEADER_SEARCH_PATHS = (
            );
            INFOPLIST_FILE = "Genome.xcodeproj/Node_Info.plist";
            LD_RUNPATH_SEARCH_PATHS = (
               "$(TOOLCHAIN_DIR)/usr/lib/swift/macosx",
            );
            OTHER_LDFLAGS = (
               "$(inherited)",
            );
            OTHER_SWIFT_FLAGS = (
               "$(inherited)",
            );
            PRODUCT_BUNDLE_IDENTIFIER = "Node";
            PRODUCT_MODULE_NAME = "$(TARGET_NAME:c99extidentifier)";
            PRODUCT_NAME = "$(TARGET_NAME:c99extidentifier)";
            SUPPORTED_PLATFORMS = (
               "macosx",
               "iphoneos",
               "iphonesimulator",
               "appletvos",
               "appletvsimulator",
               "watchos",
               "watchsimulator",
            );
            SWIFT_ACTIVE_COMPILATION_CONDITIONS = "SWIFT_PACKAGE";
            SWIFT_VERSION = "3.0";
            TARGET_NAME = "Node";
         };
         name = "Debug";
      };
      OBJ_98 = {
         isa = "XCBuildConfiguration";
         buildSettings = {
            ENABLE_TESTABILITY = "YES";
            FRAMEWORK_SEARCH_PATHS = (
               "$(PLATFORM_DIR)/Developer/Library/Frameworks",
            );
            HEADER_SEARCH_PATHS = (
            );
            INFOPLIST_FILE = "Genome.xcodeproj/Node_Info.plist";
            LD_RUNPATH_SEARCH_PATHS = (
               "$(TOOLCHAIN_DIR)/usr/lib/swift/macosx",
            );
            OTHER_LDFLAGS = (
               "$(inherited)",
            );
            OTHER_SWIFT_FLAGS = (
               "$(inherited)",
            );
            PRODUCT_BUNDLE_IDENTIFIER = "Node";
            PRODUCT_MODULE_NAME = "$(TARGET_NAME:c99extidentifier)";
            PRODUCT_NAME = "$(TARGET_NAME:c99extidentifier)";
            SUPPORTED_PLATFORMS = (
               "macosx",
               "iphoneos",
               "iphonesimulator",
               "appletvos",
               "appletvsimulator",
               "watchos",
               "watchsimulator",
            );
            SWIFT_ACTIVE_COMPILATION_CONDITIONS = "SWIFT_PACKAGE";
            SWIFT_VERSION = "3.0";
            TARGET_NAME = "Node";
         };
         name = "Release";
      };
      OBJ_99 = {
         isa = "PBXSourcesBuildPhase";
         files = (
            OBJ_100,
            OBJ_101,
            OBJ_102,
            OBJ_103,
            OBJ_104,
            OBJ_105,
            OBJ_106,
            OBJ_107,
            OBJ_108,
            OBJ_109,
            OBJ_110,
            OBJ_111,
            OBJ_112,
            OBJ_113,
            OBJ_114,
            OBJ_115,
            OBJ_116,
            OBJ_117,
            OBJ_118,
            OBJ_119,
            OBJ_120,
            OBJ_121,
         );
      };
   };
   rootObject = OBJ_1;
}
